
Microsoft Visual Studio Solution File, Format Version 12.00
# Visual Studio Version 16
VisualStudioVersion = 16.0.29820.132
MinimumVisualStudioVersion = 10.0.40219.1
Project("{9A19103F-16F7-4668-BE54-9A1E7A4F7556}") = "Uno", "Uno\Uno.csproj", "{5F06B96D-4D63-4FD5-932B-E4A9B4FCB35F}"
EndProject
Project("{2150E333-8FDC-42A3-9474-1A3956D46DE8}") = "Solution Items", "Solution Items", "{DB1FB8EE-5A65-43BF-9F67-B4B5F82E44F9}"
	ProjectSection(SolutionItems) = preProject
		Notes.txt = Notes.txt
	EndProjectSection
EndProject
Global
	GlobalSection(SolutionConfigurationPlatforms) = preSolution
		Debug|Any CPU = Debug|Any CPU
		Release|Any CPU = Release|Any CPU
	EndGlobalSection
	GlobalSection(ProjectConfigurationPlatforms) = postSolution
		{5F06B96D-4D63-4FD5-932B-E4A9B4FCB35F}.Debug|Any CPU.ActiveCfg = Debug|Any CPU
		{5F06B96D-4D63-4FD5-932B-E4A9B4FCB35F}.Debug|Any CPU.Build.0 = Debug|Any CPU
		{5F06B96D-4D63-4FD5-932B-E4A9B4FCB35F}.Release|Any CPU.ActiveCfg = Release|Any CPU
		{5F06B96D-4D63-4FD5-932B-E4A9B4FCB35F}.Release|Any CPU.Build.0 = Release|Any CPU
	EndGlobalSection
	GlobalSection(SolutionProperties) = preSolution
		HideSolutionNode = FALSE
	EndGlobalSection
	GlobalSection(ExtensibilityGlobals) = postSolution
		SolutionGuid = {70144285-6DB1-4ABE-ABB3-F404AB12C2B9}
	EndGlobalSection
EndGlobal
